// !$*UTF8*$!
{
	archiveVersion = 1;
	classes = {
	};
	objectVersion = 77;
	objects = {

/* Begin PBXBuildFile section */
		004DA264FEA884540CAAD3E0 /* DeviceConnectionEffects.swift in Sources */ = {isa = PBXBuildFile; fileRef = CF1BA2257900C560C30AB2EA /* DeviceConnectionEffects.swift */; };
		02C14C789C21845F01E869D8 /* CheckoutDemo.swift in Sources */ = {isa = PBXBuildFile; fileRef = 8C2AEF17D617027345AA076E /* CheckoutDemo.swift */; };
		0ACCE73C562017B9C35A029C /* IntentFlowDemoApp.swift in Sources */ = {isa = PBXBuildFile; fileRef = 58DDBBAD9EAB1636B4F73DF1 /* IntentFlowDemoApp.swift */; };
		10D5A9CFBF8A82E495BF1335 /* BeforeLoginViewModel.swift in Sources */ = {isa = PBXBuildFile; fileRef = 1BE20E9FF9FF5AEE94B9CFBA /* BeforeLoginViewModel.swift */; };
		132865EE2B6354CAA3F2B64D /* LoginDemo.swift in Sources */ = {isa = PBXBuildFile; fileRef = 12961EE16A4394E6DC3435AA /* LoginDemo.swift */; };
		1CCE1351E4054D37784F2D6D /* ExampleIndexScreen.swift in Sources */ = {isa = PBXBuildFile; fileRef = 7ED22A985879055712BFF8D9 /* ExampleIndexScreen.swift */; };
		291AEA6DEFB527E48ED5E39D /* UploadViewController.swift in Sources */ = {isa = PBXBuildFile; fileRef = 817002447E81933F05030AFE /* UploadViewController.swift */; };
		33496A06D7B3FAD4304CE42E /* UploadContract.swift in Sources */ = {isa = PBXBuildFile; fileRef = A643D9FB4FC11E537D7D7416 /* UploadContract.swift */; };
		3DF1761A503F13E3F61ECED2 /* LoginContract.swift in Sources */ = {isa = PBXBuildFile; fileRef = 9FCD4CF82E0545625C00B20C /* LoginContract.swift */; };
		435082CAE15E1578E1617525 /* DeviceConnectionScreen.swift in Sources */ = {isa = PBXBuildFile; fileRef = E3A1F0C4325A938A1625EDDB /* DeviceConnectionScreen.swift */; };
		5AC16DBFDAC19957D5DAC15A /* UploadProjection.swift in Sources */ = {isa = PBXBuildFile; fileRef = C3BCDCD3A43B11B11956D627 /* UploadProjection.swift */; };
		5FAC661193DD94EFD71FF691 /* AfterLoginContract.swift in Sources */ = {isa = PBXBuildFile; fileRef = 05C08BA70059E6239601FE4F /* AfterLoginContract.swift */; };
		6F4EAFCAC577268AEF647A94 /* DeviceConnectionFlow.swift in Sources */ = {isa = PBXBuildFile; fileRef = 0ADBD1F2C49538DFDE70D638 /* DeviceConnectionFlow.swift */; };
		7BB92A9D91DA8F010C49E185 /* PermissionDemo.swift in Sources */ = {isa = PBXBuildFile; fileRef = A588016E75440791842C730B /* PermissionDemo.swift */; };
		869C9F1E2A3A63144FF05E21 /* DemoRootView.swift in Sources */ = {isa = PBXBuildFile; fileRef = 6447302000CF1E35F7B9EBC2 /* DemoRootView.swift */; };
		9B83572255397B7BCFB4E683 /* AfterLoginFlow.swift in Sources */ = {isa = PBXBuildFile; fileRef = DBA80E4E973036F8AAE5B141 /* AfterLoginFlow.swift */; };
		ABBCF248D94118316A071D3A /* IntentFlow in Frameworks */ = {isa = PBXBuildFile; productRef = 7A51AA580E50023622F80CA6 /* IntentFlow */; };
		D4354B3720B92A6B133B7A8F /* DemoStoreModel.swift in Sources */ = {isa = PBXBuildFile; fileRef = 432D15F3B102F4A3D4A241C3 /* DemoStoreModel.swift */; };
		DB6E6FFF420B720451D6B699 /* DeviceConnectionProjection.swift in Sources */ = {isa = PBXBuildFile; fileRef = 6D610E69CEDF4FDB8F31CD24 /* DeviceConnectionProjection.swift */; };
		DBA3ED3D2A9762424D4B085A /* DeviceConnectionContract.swift in Sources */ = {isa = PBXBuildFile; fileRef = 4B16885404EDA0516F4EDCB0 /* DeviceConnectionContract.swift */; };
		DF13923923A242592D474B79 /* UploadEffects.swift in Sources */ = {isa = PBXBuildFile; fileRef = 1F6C5DCEB30707AB82A8DC3F /* UploadEffects.swift */; };
		ED74714D21A485A2A7E9127D /* UploadFlow.swift in Sources */ = {isa = PBXBuildFile; fileRef = E4F309FC38F1A8E8B5DC685B /* UploadFlow.swift */; };
/* End PBXBuildFile section */

/* Begin PBXFileReference section */
		05C08BA70059E6239601FE4F /* AfterLoginContract.swift */ = {isa = PBXFileReference; lastKnownFileType = sourcecode.swift; path = AfterLoginContract.swift; sourceTree = "<group>"; };
		0ADBD1F2C49538DFDE70D638 /* DeviceConnectionFlow.swift */ = {isa = PBXFileReference; lastKnownFileType = sourcecode.swift; path = DeviceConnectionFlow.swift; sourceTree = "<group>"; };
		12961EE16A4394E6DC3435AA /* LoginDemo.swift */ = {isa = PBXFileReference; lastKnownFileType = sourcecode.swift; path = LoginDemo.swift; sourceTree = "<group>"; };
		1BE20E9FF9FF5AEE94B9CFBA /* BeforeLoginViewModel.swift */ = {isa = PBXFileReference; lastKnownFileType = sourcecode.swift; path = BeforeLoginViewModel.swift; sourceTree = "<group>"; };
		1F6C5DCEB30707AB82A8DC3F /* UploadEffects.swift */ = {isa = PBXFileReference; lastKnownFileType = sourcecode.swift; path = UploadEffects.swift; sourceTree = "<group>"; };
		432D15F3B102F4A3D4A241C3 /* DemoStoreModel.swift */ = {isa = PBXFileReference; lastKnownFileType = sourcecode.swift; path = DemoStoreModel.swift; sourceTree = "<group>"; };
		4B16885404EDA0516F4EDCB0 /* DeviceConnectionContract.swift */ = {isa = PBXFileReference; lastKnownFileType = sourcecode.swift; path = DeviceConnectionContract.swift; sourceTree = "<group>"; };
		58DDBBAD9EAB1636B4F73DF1 /* IntentFlowDemoApp.swift */ = {isa = PBXFileReference; lastKnownFileType = sourcecode.swift; path = IntentFlowDemoApp.swift; sourceTree = "<group>"; };
		6447302000CF1E35F7B9EBC2 /* DemoRootView.swift */ = {isa = PBXFileReference; lastKnownFileType = sourcecode.swift; path = DemoRootView.swift; sourceTree = "<group>"; };
		6D610E69CEDF4FDB8F31CD24 /* DeviceConnectionProjection.swift */ = {isa = PBXFileReference; lastKnownFileType = sourcecode.swift; path = DeviceConnectionProjection.swift; sourceTree = "<group>"; };
		72887CAD6595C86B9F8B9DDD /* intentflow-ios */ = {isa = PBXFileReference; lastKnownFileType = folder; name = "intentflow-ios"; path = ../..; sourceTree = SOURCE_ROOT; };
		7ED22A985879055712BFF8D9 /* ExampleIndexScreen.swift */ = {isa = PBXFileReference; lastKnownFileType = sourcecode.swift; path = ExampleIndexScreen.swift; sourceTree = "<group>"; };
		81581CF8D0E30B30A47C4CD2 /* Info.plist */ = {isa = PBXFileReference; lastKnownFileType = text.plist; path = Info.plist; sourceTree = "<group>"; };
		817002447E81933F05030AFE /* UploadViewController.swift */ = {isa = PBXFileReference; lastKnownFileType = sourcecode.swift; path = UploadViewController.swift; sourceTree = "<group>"; };
		8C2AEF17D617027345AA076E /* CheckoutDemo.swift */ = {isa = PBXFileReference; lastKnownFileType = sourcecode.swift; path = CheckoutDemo.swift; sourceTree = "<group>"; };
		9FCD4CF82E0545625C00B20C /* LoginContract.swift */ = {isa = PBXFileReference; lastKnownFileType = sourcecode.swift; name = LoginContract.swift; path = ../../Sources/IntentFlow/IntentFlow.docc/Tutorials/GettingStarted/LoginContract.swift; sourceTree = "<group>"; };
		A588016E75440791842C730B /* PermissionDemo.swift */ = {isa = PBXFileReference; lastKnownFileType = sourcecode.swift; path = PermissionDemo.swift; sourceTree = "<group>"; };
		A643D9FB4FC11E537D7D7416 /* UploadContract.swift */ = {isa = PBXFileReference; lastKnownFileType = sourcecode.swift; path = UploadContract.swift; sourceTree = "<group>"; };
		C3BCDCD3A43B11B11956D627 /* UploadProjection.swift */ = {isa = PBXFileReference; lastKnownFileType = sourcecode.swift; path = UploadProjection.swift; sourceTree = "<group>"; };
		CF1BA2257900C560C30AB2EA /* DeviceConnectionEffects.swift */ = {isa = PBXFileReference; lastKnownFileType = sourcecode.swift; path = DeviceConnectionEffects.swift; sourceTree = "<group>"; };
		DBA80E4E973036F8AAE5B141 /* AfterLoginFlow.swift */ = {isa = PBXFileReference; lastKnownFileType = sourcecode.swift; path = AfterLoginFlow.swift; sourceTree = "<group>"; };
		E3A1F0C4325A938A1625EDDB /* DeviceConnectionScreen.swift */ = {isa = PBXFileReference; lastKnownFileType = sourcecode.swift; path = DeviceConnectionScreen.swift; sourceTree = "<group>"; };
		E4F309FC38F1A8E8B5DC685B /* UploadFlow.swift */ = {isa = PBXFileReference; lastKnownFileType = sourcecode.swift; path = UploadFlow.swift; sourceTree = "<group>"; };
		E997774490A51D3769D3551C /* IntentFlowDemoApp.app */ = {isa = PBXFileReference; includeInIndex = 0; lastKnownFileType = wrapper.application; path = IntentFlowDemoApp.app; sourceTree = BUILT_PRODUCTS_DIR; };
/* End PBXFileReference section */

/* Begin PBXFrameworksBuildPhase section */
		E9EBA735576B6E00D7EE31C8 /* Frameworks */ = {
			isa = PBXFrameworksBuildPhase;
			buildActionMask = 2147483647;
			files = (
				ABBCF248D94118316A071D3A /* IntentFlow in Frameworks */,
			);
			runOnlyForDeploymentPostprocessing = 0;
		};
/* End PBXFrameworksBuildPhase section */

/* Begin PBXGroup section */
		10813C266A6E081ADC8FA237 /* IntentFlowDemoApp */ = {
			isa = PBXGroup;
			children = (
				6447302000CF1E35F7B9EBC2 /* DemoRootView.swift */,
				7ED22A985879055712BFF8D9 /* ExampleIndexScreen.swift */,
				58DDBBAD9EAB1636B4F73DF1 /* IntentFlowDemoApp.swift */,
				9E8EC3FED19A1F87AD4285DD /* Features */,
				4210B7D01F43B5FAD274C701 /* Support */,
			);
			path = IntentFlowDemoApp;
			sourceTree = "<group>";
		};
		12E02A12EBAF8303A29AEE7D /* Documentation */ = {
			isa = PBXGroup;
			children = (
				8F065847799E531E84DF1046 /* Tutorials */,
			);
			name = Documentation;
			sourceTree = "<group>";
		};
		159C2012A3A19D1B7FFBB12A /* SwiftUIExample */ = {
			isa = PBXGroup;
			children = (
				4BDCA300B100DCB038DCA249 /* Sources */,
			);
			name = SwiftUIExample;
			sourceTree = "<group>";
		};
		4210B7D01F43B5FAD274C701 /* Support */ = {
			isa = PBXGroup;
			children = (
				432D15F3B102F4A3D4A241C3 /* DemoStoreModel.swift */,
				81581CF8D0E30B30A47C4CD2 /* Info.plist */,
			);
			path = Support;
			sourceTree = "<group>";
		};
		4BDCA300B100DCB038DCA249 /* Sources */ = {
			isa = PBXGroup;
			children = (
				4B16885404EDA0516F4EDCB0 /* DeviceConnectionContract.swift */,
				CF1BA2257900C560C30AB2EA /* DeviceConnectionEffects.swift */,
				0ADBD1F2C49538DFDE70D638 /* DeviceConnectionFlow.swift */,
				6D610E69CEDF4FDB8F31CD24 /* DeviceConnectionProjection.swift */,
				E3A1F0C4325A938A1625EDDB /* DeviceConnectionScreen.swift */,
			);
			name = Sources;
			path = ../SwiftUIExample/Sources;
			sourceTree = "<group>";
		};
		4D15958CCAC836C39CE670CF /* Login */ = {
			isa = PBXGroup;
			children = (
				12961EE16A4394E6DC3435AA /* LoginDemo.swift */,
			);
			path = Login;
			sourceTree = "<group>";
		};
		56A9095B7035EBAD1EF2910C /* Examples */ = {
			isa = PBXGroup;
			children = (
				9E1875E8D5FE56D693335B2E /* Migration */,
				159C2012A3A19D1B7FFBB12A /* SwiftUIExample */,
				59BBE8ECD3639901FC737ECC /* UIKitExample */,
			);
			name = Examples;
			sourceTree = "<group>";
		};
		59BBE8ECD3639901FC737ECC /* UIKitExample */ = {
			isa = PBXGroup;
			children = (
				8AB999EB9534F8509378AD9D /* Sources */,
			);
			name = UIKitExample;
			sourceTree = "<group>";
		};
		81D815BBDAB38827100DB5BA /* Packages */ = {
			isa = PBXGroup;
			children = (
				72887CAD6595C86B9F8B9DDD /* intentflow-ios */,
			);
			name = Packages;
			sourceTree = "<group>";
		};
		82006F63FF7FE25F33A94A40 = {
			isa = PBXGroup;
			children = (
				12E02A12EBAF8303A29AEE7D /* Documentation */,
				56A9095B7035EBAD1EF2910C /* Examples */,
				10813C266A6E081ADC8FA237 /* IntentFlowDemoApp */,
				81D815BBDAB38827100DB5BA /* Packages */,
				A96AA110B703E121D0D588B0 /* Products */,
			);
			sourceTree = "<group>";
		};
		8443551E14739EDF63367E94 /* Permissions */ = {
			isa = PBXGroup;
			children = (
				A588016E75440791842C730B /* PermissionDemo.swift */,
			);
			path = Permissions;
			sourceTree = "<group>";
		};
		8AB999EB9534F8509378AD9D /* Sources */ = {
			isa = PBXGroup;
			children = (
				A643D9FB4FC11E537D7D7416 /* UploadContract.swift */,
				1F6C5DCEB30707AB82A8DC3F /* UploadEffects.swift */,
				E4F309FC38F1A8E8B5DC685B /* UploadFlow.swift */,
				C3BCDCD3A43B11B11956D627 /* UploadProjection.swift */,
				817002447E81933F05030AFE /* UploadViewController.swift */,
			);
			name = Sources;
			path = ../UIKitExample/Sources;
			sourceTree = "<group>";
		};
		8F065847799E531E84DF1046 /* Tutorials */ = {
			isa = PBXGroup;
			children = (
				9FCD4CF82E0545625C00B20C /* LoginContract.swift */,
			);
			name = Tutorials;
			sourceTree = "<group>";
		};
		9E1875E8D5FE56D693335B2E /* Migration */ = {
			isa = PBXGroup;
			children = (
				EAD0640D5400F2AFCD1BD73E /* MVVMToIntentFlow */,
			);
			name = Migration;
			sourceTree = "<group>";
		};
		9E8EC3FED19A1F87AD4285DD /* Features */ = {
			isa = PBXGroup;
			children = (
				F0F5A247784F657E117983B8 /* Checkout */,
				4D15958CCAC836C39CE670CF /* Login */,
				8443551E14739EDF63367E94 /* Permissions */,
			);
			path = Features;
			sourceTree = "<group>";
		};
		A96AA110B703E121D0D588B0 /* Products */ = {
			isa = PBXGroup;
			children = (
				E997774490A51D3769D3551C /* IntentFlowDemoApp.app */,
			);
			name = Products;
			sourceTree = "<group>";
		};
		D08AD4C9C7C9332C7F970886 /* MVVMToIntentFlow */ = {
			isa = PBXGroup;
			children = (
				05C08BA70059E6239601FE4F /* AfterLoginContract.swift */,
				DBA80E4E973036F8AAE5B141 /* AfterLoginFlow.swift */,
				1BE20E9FF9FF5AEE94B9CFBA /* BeforeLoginViewModel.swift */,
			);
			name = MVVMToIntentFlow;
			path = ../Migration/MVVMToIntentFlow;
			sourceTree = "<group>";
		};
		EAD0640D5400F2AFCD1BD73E /* MVVMToIntentFlow */ = {
			isa = PBXGroup;
			children = (
				D08AD4C9C7C9332C7F970886 /* MVVMToIntentFlow */,
			);
			name = MVVMToIntentFlow;
			sourceTree = "<group>";
		};
		F0F5A247784F657E117983B8 /* Checkout */ = {
			isa = PBXGroup;
			children = (
				8C2AEF17D617027345AA076E /* CheckoutDemo.swift */,
			);
			path = Checkout;
			sourceTree = "<group>";
		};
/* End PBXGroup section */

/* Begin PBXNativeTarget section */
		1CC5AF0D516853873302BEE4 /* IntentFlowDemoApp */ = {
			isa = PBXNativeTarget;
			buildConfigurationList = 8A6A8463341B5AECC1AD0197 /* Build configuration list for PBXNativeTarget "IntentFlowDemoApp" */;
			buildPhases = (
				92F2128647000C3354EF8580 /* Sources */,
				E9EBA735576B6E00D7EE31C8 /* Frameworks */,
			);
			buildRules = (
			);
			dependencies = (
			);
			name = IntentFlowDemoApp;
			packageProductDependencies = (
				7A51AA580E50023622F80CA6 /* IntentFlow */,
			);
			productName = IntentFlowDemoApp;
			productReference = E997774490A51D3769D3551C /* IntentFlowDemoApp.app */;
			productType = "com.apple.product-type.application";
		};
/* End PBXNativeTarget section */

/* Begin PBXProject section */
		8546D8E0DE25396871F0F165 /* Project object */ = {
			isa = PBXProject;
			attributes = {
				BuildIndependentTargetsInParallel = YES;
				LastUpgradeCheck = 1430;
				TargetAttributes = {
				};
			};
			buildConfigurationList = 52EDE346D62DB87F72CF5A78 /* Build configuration list for PBXProject "IntentFlowDemoApp" */;
			developmentRegion = en;
			hasScannedForEncodings = 0;
			knownRegions = (
				Base,
				en,
			);
			mainGroup = 82006F63FF7FE25F33A94A40;
			minimizedProjectReferenceProxies = 1;
			packageReferences = (
				1493DF3473883AF8AE0E6130 /* XCLocalSwiftPackageReference "../.." */,
			);
			preferredProjectObjectVersion = 77;
			productRefGroup = A96AA110B703E121D0D588B0 /* Products */;
			projectDirPath = "";
			projectRoot = "";
			targets = (
				1CC5AF0D516853873302BEE4 /* IntentFlowDemoApp */,
			);
		};
/* End PBXProject section */

/* Begin PBXSourcesBuildPhase section */
		92F2128647000C3354EF8580 /* Sources */ = {
			isa = PBXSourcesBuildPhase;
			buildActionMask = 2147483647;
			files = (
				5FAC661193DD94EFD71FF691 /* AfterLoginContract.swift in Sources */,
				9B83572255397B7BCFB4E683 /* AfterLoginFlow.swift in Sources */,
				10D5A9CFBF8A82E495BF1335 /* BeforeLoginViewModel.swift in Sources */,
				02C14C789C21845F01E869D8 /* CheckoutDemo.swift in Sources */,
				869C9F1E2A3A63144FF05E21 /* DemoRootView.swift in Sources */,
				D4354B3720B92A6B133B7A8F /* DemoStoreModel.swift in Sources */,
				DBA3ED3D2A9762424D4B085A /* DeviceConnectionContract.swift in Sources */,
				004DA264FEA884540CAAD3E0 /* DeviceConnectionEffects.swift in Sources */,
				6F4EAFCAC577268AEF647A94 /* DeviceConnectionFlow.swift in Sources */,
				DB6E6FFF420B720451D6B699 /* DeviceConnectionProjection.swift in Sources */,
				435082CAE15E1578E1617525 /* DeviceConnectionScreen.swift in Sources */,
				1CCE1351E4054D37784F2D6D /* ExampleIndexScreen.swift in Sources */,
				0ACCE73C562017B9C35A029C /* IntentFlowDemoApp.swift in Sources */,
				3DF1761A503F13E3F61ECED2 /* LoginContract.swift in Sources */,
				132865EE2B6354CAA3F2B64D /* LoginDemo.swift in Sources */,
				7BB92A9D91DA8F010C49E185 /* PermissionDemo.swift in Sources */,
				33496A06D7B3FAD4304CE42E /* UploadContract.swift in Sources */,
				DF13923923A242592D474B79 /* UploadEffects.swift in Sources */,
				ED74714D21A485A2A7E9127D /* UploadFlow.swift in Sources */,
				5AC16DBFDAC19957D5DAC15A /* UploadProjection.swift in Sources */,
				291AEA6DEFB527E48ED5E39D /* UploadViewController.swift in Sources */,
			);
			runOnlyForDeploymentPostprocessing = 0;
		};
/* End PBXSourcesBuildPhase section */

/* Begin XCBuildConfiguration section */
		844CD6CF657D8CE7EEE59BCD /* Release */ = {
			isa = XCBuildConfiguration;
			buildSettings = {
				ALWAYS_SEARCH_USER_PATHS = NO;
				CLANG_ANALYZER_NONNULL = YES;
				CLANG_ANALYZER_NUMBER_OBJECT_CONVERSION = YES_AGGRESSIVE;
				CLANG_CXX_LANGUAGE_STANDARD = "gnu++14";
				CLANG_CXX_LIBRARY = "libc++";
				CLANG_ENABLE_MODULES = YES;
				CLANG_ENABLE_OBJC_ARC = YES;
				CLANG_ENABLE_OBJC_WEAK = YES;
				CLANG_WARN_BLOCK_CAPTURE_AUTORELEASING = YES;
				CLANG_WARN_BOOL_CONVERSION = YES;
				CLANG_WARN_COMMA = YES;
				CLANG_WARN_CONSTANT_CONVERSION = YES;
				CLANG_WARN_DEPRECATED_OBJC_IMPLEMENTATIONS = YES;
				CLANG_WARN_DIRECT_OBJC_ISA_USAGE = YES_ERROR;
				CLANG_WARN_DOCUMENTATION_COMMENTS = YES;
				CLANG_WARN_EMPTY_BODY = YES;
				CLANG_WARN_ENUM_CONVERSION = YES;
				CLANG_WARN_INFINITE_RECURSION = YES;
				CLANG_WARN_INT_CONVERSION = YES;
				CLANG_WARN_NON_LITERAL_NULL_CONVERSION = YES;
				CLANG_WARN_OBJC_IMPLICIT_RETAIN_SELF = YES;
				CLANG_WARN_OBJC_LITERAL_CONVERSION = YES;
				CLANG_WARN_OBJC_ROOT_CLASS = YES_ERROR;
				CLANG_WARN_QUOTED_INCLUDE_IN_FRAMEWORK_HEADER = YES;
				CLANG_WARN_RANGE_LOOP_ANALYSIS = YES;
				CLANG_WARN_STRICT_PROTOTYPES = YES;
				CLANG_WARN_SUSPICIOUS_MOVE = YES;
				CLANG_WARN_UNGUARDED_AVAILABILITY = YES_AGGRESSIVE;
				CLANG_WARN_UNREACHABLE_CODE = YES;
				CLANG_WARN__DUPLICATE_METHOD_MATCH = YES;
				COPY_PHASE_STRIP = NO;
				DEBUG_INFORMATION_FORMAT = "dwarf-with-dsym";
				ENABLE_NS_ASSERTIONS = NO;
				ENABLE_STRICT_OBJC_MSGSEND = YES;
				GCC_C_LANGUAGE_STANDARD = gnu11;
				GCC_NO_COMMON_BLOCKS = YES;
				GCC_WARN_64_TO_32_BIT_CONVERSION = YES;
				GCC_WARN_ABOUT_RETURN_TYPE = YES_ERROR;
				GCC_WARN_UNDECLARED_SELECTOR = YES;
				GCC_WARN_UNINITIALIZED_AUTOS = YES_AGGRESSIVE;
				GCC_WARN_UNUSED_FUNCTION = YES;
				GCC_WARN_UNUSED_VARIABLE = YES;
				MTL_ENABLE_DEBUG_INFO = NO;
				MTL_FAST_MATH = YES;
				PRODUCT_NAME = "$(TARGET_NAME)";
				SDKROOT = iphoneos;
				SWIFT_COMPILATION_MODE = wholemodule;
				SWIFT_OPTIMIZATION_LEVEL = "-O";
				SWIFT_VERSION = 5.0;
			};
			name = Release;
		};
		9661CAF5327CE465D64E8913 /* Debug */ = {
			isa = XCBuildConfiguration;
			buildSettings = {
				ALWAYS_SEARCH_USER_PATHS = NO;
				CLANG_ANALYZER_NONNULL = YES;
				CLANG_ANALYZER_NUMBER_OBJECT_CONVERSION = YES_AGGRESSIVE;
				CLANG_CXX_LANGUAGE_STANDARD = "gnu++14";
				CLANG_CXX_LIBRARY = "libc++";
				CLANG_ENABLE_MODULES = YES;
				CLANG_ENABLE_OBJC_ARC = YES;
				CLANG_ENABLE_OBJC_WEAK = YES;
				CLANG_WARN_BLOCK_CAPTURE_AUTORELEASING = YES;
				CLANG_WARN_BOOL_CONVERSION = YES;
				CLANG_WARN_COMMA = YES;
				CLANG_WARN_CONSTANT_CONVERSION = YES;
				CLANG_WARN_DEPRECATED_OBJC_IMPLEMENTATIONS = YES;
				CLANG_WARN_DIRECT_OBJC_ISA_USAGE = YES_ERROR;
				CLANG_WARN_DOCUMENTATION_COMMENTS = YES;
				CLANG_WARN_EMPTY_BODY = YES;
				CLANG_WARN_ENUM_CONVERSION = YES;
				CLANG_WARN_INFINITE_RECURSION = YES;
				CLANG_WARN_INT_CONVERSION = YES;
				CLANG_WARN_NON_LITERAL_NULL_CONVERSION = YES;
				CLANG_WARN_OBJC_IMPLICIT_RETAIN_SELF = YES;
				CLANG_WARN_OBJC_LITERAL_CONVERSION = YES;
				CLANG_WARN_OBJC_ROOT_CLASS = YES_ERROR;
				CLANG_WARN_QUOTED_INCLUDE_IN_FRAMEWORK_HEADER = YES;
				CLANG_WARN_RANGE_LOOP_ANALYSIS = YES;
				CLANG_WARN_STRICT_PROTOTYPES = YES;
				CLANG_WARN_SUSPICIOUS_MOVE = YES;
				CLANG_WARN_UNGUARDED_AVAILABILITY = YES_AGGRESSIVE;
				CLANG_WARN_UNREACHABLE_CODE = YES;
				CLANG_WARN__DUPLICATE_METHOD_MATCH = YES;
				COPY_PHASE_STRIP = NO;
				DEBUG_INFORMATION_FORMAT = dwarf;
				ENABLE_STRICT_OBJC_MSGSEND = YES;
				ENABLE_TESTABILITY = YES;
				GCC_C_LANGUAGE_STANDARD = gnu11;
				GCC_DYNAMIC_NO_PIC = NO;
				GCC_NO_COMMON_BLOCKS = YES;
				GCC_OPTIMIZATION_LEVEL = 0;
				GCC_PREPROCESSOR_DEFINITIONS = (
					"$(inherited)",
					"DEBUG=1",
				);
				GCC_WARN_64_TO_32_BIT_CONVERSION = YES;
				GCC_WARN_ABOUT_RETURN_TYPE = YES_ERROR;
				GCC_WARN_UNDECLARED_SELECTOR = YES;
				GCC_WARN_UNINITIALIZED_AUTOS = YES_AGGRESSIVE;
				GCC_WARN_UNUSED_FUNCTION = YES;
				GCC_WARN_UNUSED_VARIABLE = YES;
				MTL_ENABLE_DEBUG_INFO = INCLUDE_SOURCE;
				MTL_FAST_MATH = YES;
				ONLY_ACTIVE_ARCH = YES;
				PRODUCT_NAME = "$(TARGET_NAME)";
				SDKROOT = iphoneos;
				SWIFT_ACTIVE_COMPILATION_CONDITIONS = DEBUG;
				SWIFT_OPTIMIZATION_LEVEL = "-Onone";
				SWIFT_VERSION = 5.0;
			};
			name = Debug;
		};
		9B8D5FC661127B94361493CC /* Debug */ = {
			isa = XCBuildConfiguration;
			buildSettings = {
				ASSETCATALOG_COMPILER_APPICON_NAME = AppIcon;
				CODE_SIGN_IDENTITY = "iPhone Developer";
				INFOPLIST_FILE = IntentFlowDemoApp/Support/Info.plist;
				IPHONEOS_DEPLOYMENT_TARGET = 16.0;
				LD_RUNPATH_SEARCH_PATHS = (
					"$(inherited)",
					"@executable_path/Frameworks",
				);
				PRODUCT_BUNDLE_IDENTIFIER = dev.intentflow.demo;
				SDKROOT = iphoneos;
				TARGETED_DEVICE_FAMILY = "1,2";
			};
			name = Debug;
		};
		BCE6BC54D1BD22C092F75927 /* Release */ = {
			isa = XCBuildConfiguration;
			buildSettings = {
				ASSETCATALOG_COMPILER_APPICON_NAME = AppIcon;
				CODE_SIGN_IDENTITY = "iPhone Developer";
				INFOPLIST_FILE = IntentFlowDemoApp/Support/Info.plist;
				IPHONEOS_DEPLOYMENT_TARGET = 16.0;
				LD_RUNPATH_SEARCH_PATHS = (
					"$(inherited)",
					"@executable_path/Frameworks",
				);
				PRODUCT_BUNDLE_IDENTIFIER = dev.intentflow.demo;
				SDKROOT = iphoneos;
				TARGETED_DEVICE_FAMILY = "1,2";
			};
			name = Release;
		};
/* End XCBuildConfiguration section */

/* Begin XCConfigurationList section */
		52EDE346D62DB87F72CF5A78 /* Build configuration list for PBXProject "IntentFlowDemoApp" */ = {
			isa = XCConfigurationList;
			buildConfigurations = (
				9661CAF5327CE465D64E8913 /* Debug */,
				844CD6CF657D8CE7EEE59BCD /* Release */,
			);
			defaultConfigurationIsVisible = 0;
			defaultConfigurationName = Debug;
		};
		8A6A8463341B5AECC1AD0197 /* Build configuration list for PBXNativeTarget "IntentFlowDemoApp" */ = {
			isa = XCConfigurationList;
			buildConfigurations = (
				9B8D5FC661127B94361493CC /* Debug */,
				BCE6BC54D1BD22C092F75927 /* Release */,
			);
			defaultConfigurationIsVisible = 0;
			defaultConfigurationName = Debug;
		};
/* End XCConfigurationList section */

/* Begin XCLocalSwiftPackageReference section */
		1493DF3473883AF8AE0E6130 /* XCLocalSwiftPackageReference "../.." */ = {
			isa = XCLocalSwiftPackageReference;
			relativePath = ../..;
		};
/* End XCLocalSwiftPackageReference section */

/* Begin XCSwiftPackageProductDependency section */
		7A51AA580E50023622F80CA6 /* IntentFlow */ = {
			isa = XCSwiftPackageProductDependency;
			productName = IntentFlow;
		};
/* End XCSwiftPackageProductDependency section */
	};
	rootObject = 8546D8E0DE25396871F0F165 /* Project object */;
}
